
Microsoft Visual Studio Solution File, Format Version 12.00
# Visual Studio Version 16
VisualStudioVersion = 16.0.32002.261
MinimumVisualStudioVersion = 10.0.40219.1
Project("{8BC9CEB8-8B4A-11D0-8D11-00A0C91BC942}") = "2022자료구조", "2022자료구조.vcxproj", "{D39FB38F-8DA7-48EC-8E21-499C6498CC44}"
EndProject
Global
	GlobalSection(SolutionConfigurationPlatforms) = preSolution
		Debug|x64 = Debug|x64
		Debug|x86 = Debug|x86
		Release|x64 = Release|x64
		Release|x86 = Release|x86
	EndGlobalSection
	GlobalSection(ProjectConfigurationPlatforms) = postSolution
		{D39FB38F-8DA7-48EC-8E21-499C6498CC44}.Debug|x64.ActiveCfg = Debug|x64
		{D39FB38F-8DA7-48EC-8E21-499C6498CC44}.Debug|x64.Build.0 = Debug|x64
		{D39FB38F-8DA7-48EC-8E21-499C6498CC44}.Debug|x86.ActiveCfg = Debug|Win32
		{D39FB38F-8DA7-48EC-8E21-499C6498CC44}.Debug|x86.Build.0 = Debug|Win32
		{D39FB38F-8DA7-48EC-8E21-499C6498CC44}.Release|x64.ActiveCfg = Release|x64
		{D39FB38F-8DA7-48EC-8E21-499C6498CC44}.Release|x64.Build.0 = Release|x64
		{D39FB38F-8DA7-48EC-8E21-499C6498CC44}.Release|x86.ActiveCfg = Release|Win32
		{D39FB38F-8DA7-48EC-8E21-499C6498CC44}.Release|x86.Build.0 = Release|Win32
	EndGlobalSection
	GlobalSection(SolutionProperties) = preSolution
		HideSolutionNode = FALSE
	EndGlobalSection
	GlobalSection(ExtensibilityGlobals) = postSolution
		SolutionGuid = {3CC3211F-BF3C-48D2-A809-4763C03A66AA}
	EndGlobalSection
EndGlobal
